PODS:
  - Charts (4.0.3):
    - Charts/Core (= 4.0.3)
  - Charts/Core (4.0.3):
    - SwiftAlgorithms (~> 1.0)
  - Cosmos (23.0.0)
  - DropDown (2.3.13)
  - Firebase/Analytics (9.0.0):
    - Firebase/Core
  - Firebase/Core (9.0.0):
    - Firebase/CoreOnly
    - FirebaseAnalytics (~> 9.0.0)
  - Firebase/CoreOnly (9.0.0):
    - FirebaseCore (= 9.0.0)
  - Firebase/Crashlytics (9.0.0):
    - Firebase/CoreOnly
    - FirebaseCrashlytics (~> 9.0.0)
  - Firebase/Messaging (9.0.0):
    - Firebase/CoreOnly
    - FirebaseMessaging (~> 9.0.0)
  - FirebaseAnalytics (9.0.0):
    - FirebaseAnalytics/AdIdSupport (= 9.0.0)
    - FirebaseCore (~> 9.0)
    - FirebaseInstallations (~> 9.0)
    - GoogleUtilities/AppDelegateSwizzler (~> 7.7)
    - GoogleUtilities/MethodSwizzler (~> 7.7)
    - GoogleUtilities/Network (~> 7.7)
    - "GoogleUtilities/NSData+zlib (~> 7.7)"
    - nanopb (~> 2.30908.0)
  - FirebaseAnalytics/AdIdSupport (9.0.0):
    - FirebaseCore (~> 9.0)
    - FirebaseInstallations (~> 9.0)
    - GoogleAppMeasurement (= 9.0.0)
    - GoogleUtilities/AppDelegateSwizzler (~> 7.7)
    - GoogleUtilities/MethodSwizzler (~> 7.7)
    - GoogleUtilities/Network (~> 7.7)
    - "GoogleUtilities/NSData+zlib (~> 7.7)"
    - nanopb (~> 2.30908.0)
  - FirebaseCore (9.0.0):
    - FirebaseCoreDiagnostics (~> 9.0)
    - FirebaseCoreInternal (~> 9.0)
    - GoogleUtilities/Environment (~> 7.7)
    - GoogleUtilities/Logger (~> 7.7)
  - FirebaseCoreDiagnostics (9.0.0):
    - GoogleDataTransport (~> 9.1)
    - GoogleUtilities/Environment (~> 7.7)
    - GoogleUtilities/Logger (~> 7.7)
    - nanopb (~> 2.30908.0)
  - FirebaseCoreInternal (9.0.0):
    - "GoogleUtilities/NSData+zlib (~> 7.7)"
  - FirebaseCrashlytics (9.0.0):
    - FirebaseCore (~> 9.0)
    - FirebaseInstallations (~> 9.0)
    - GoogleDataTransport (~> 9.1)
    - GoogleUtilities/Environment (~> 7.7)
    - nanopb (~> 2.30908.0)
    - PromisesObjC (~> 2.1)
  - FirebaseInstallations (9.0.0):
    - FirebaseCore (~> 9.0)
    - GoogleUtilities/Environment (~> 7.7)
    - GoogleUtilities/UserDefaults (~> 7.7)
    - PromisesObjC (~> 2.1)
  - FirebaseMessaging (9.0.0):
    - FirebaseCore (~> 9.0)
    - FirebaseInstallations (~> 9.0)
    - GoogleDataTransport (~> 9.1)
    - GoogleUtilities/AppDelegateSwizzler (~> 7.7)
    - GoogleUtilities/Environment (~> 7.7)
    - GoogleUtilities/Reachability (~> 7.7)
    - GoogleUtilities/UserDefaults (~> 7.7)
    - nanopb (~> 2.30908.0)
  - FittedSheets (2.0.13)
  - FSCalendar (2.8.4)
  - GoogleAppMeasurement (9.0.0):
    - GoogleAppMeasurement/AdIdSupport (= 9.0.0)
    - GoogleUtilities/AppDelegateSwizzler (~> 7.7)
    - GoogleUtilities/MethodSwizzler (~> 7.7)
    - GoogleUtilities/Network (~> 7.7)
    - "GoogleUtilities/NSData+zlib (~> 7.7)"
    - nanopb (~> 2.30908.0)
  - GoogleAppMeasurement/AdIdSupport (9.0.0):
    - GoogleAppMeasurement/WithoutAdIdSupport (= 9.0.0)
    - GoogleUtilities/AppDelegateSwizzler (~> 7.7)
    - GoogleUtilities/MethodSwizzler (~> 7.7)
    - GoogleUtilities/Network (~> 7.7)
    - "GoogleUtilities/NSData+zlib (~> 7.7)"
    - nanopb (~> 2.30908.0)
  - GoogleAppMeasurement/WithoutAdIdSupport (9.0.0):
    - GoogleUtilities/AppDelegateSwizzler (~> 7.7)
    - GoogleUtilities/MethodSwizzler (~> 7.7)
    - GoogleUtilities/Network (~> 7.7)
    - "GoogleUtilities/NSData+zlib (~> 7.7)"
    - nanopb (~> 2.30908.0)
  - GoogleDataTransport (9.1.4):
    - GoogleUtilities/Environment (~> 7.7)
    - nanopb (< 2.30910.0, >= 2.30908.0)
    - PromisesObjC (< 3.0, >= 1.2)
  - GoogleMaps (3.1.0):
    - GoogleMaps/Maps (= 3.1.0)
  - GoogleMaps/Base (3.1.0)
  - GoogleMaps/Maps (3.1.0):
    - GoogleMaps/Base
  - GooglePlacePicker (3.1.0):
    - GoogleMaps (= 3.1.0)
    - GooglePlaces (= 3.1.0)
  - GooglePlaces (3.1.0):
    - GoogleMaps/Base (= 3.1.0)
  - GoogleUtilities/AppDelegateSwizzler (7.7.0):
    - GoogleUtilities/Environment
    - GoogleUtilities/Logger
    - GoogleUtilities/Network
  - GoogleUtilities/Environment (7.7.0):
    - PromisesObjC (< 3.0, >= 1.2)
  - GoogleUtilities/Logger (7.7.0):
    - GoogleUtilities/Environment
  - GoogleUtilities/MethodSwizzler (7.7.0):
    - GoogleUtilities/Logger
  - GoogleUtilities/Network (7.7.0):
    - GoogleUtilities/Logger
    - "GoogleUtilities/NSData+zlib"
    - GoogleUtilities/Reachability
  - "GoogleUtilities/NSData+zlib (7.7.0)"
  - GoogleUtilities/Reachability (7.7.0):
    - GoogleUtilities/Logger
  - GoogleUtilities/UserDefaults (7.7.0):
    - GoogleUtilities/Logger
  - GrowingTextView (0.7.2)
  - IQKeyboardManagerSwift (6.3.0)
  - lottie-ios (3.3.0)
  - nanopb (2.30908.0):
    - nanopb/decode (= 2.30908.0)
    - nanopb/encode (= 2.30908.0)
  - nanopb/decode (2.30908.0)
  - nanopb/encode (2.30908.0)
  - PromisesObjC (2.1.0)
  - SDWebImage (5.12.5):
    - SDWebImage/Core (= 5.12.5)
  - SDWebImage/Core (5.12.5)
  - SkyFloatingLabelTextField (3.8.0)
  - Socket.IO-Client-Swift (13.3.1):
    - Starscream (~> 3.0.2)
  - Starscream (3.0.6)
  - SwiftAlgorithms (1.0.0)
  - SwiftMessages (9.0.6):
    - SwiftMessages/App (= 9.0.6)
  - SwiftMessages/App (9.0.6)
  - SwiftyJSON (4.3.0)
  - UIView-Shimmer (1.0.4)

DEPENDENCIES:
  - Charts
  - Cosmos (~> 23.0)
  - DropDown
  - Firebase/Analytics
  - Firebase/Crashlytics
  - Firebase/Messaging
  - FittedSheets (~> 2.0.0)
  - FSCalendar
  - GooglePlacePicker
  - GrowingTextView (= 0.7.2)
  - IQKeyboardManagerSwift (= 6.3.0)
  - lottie-ios
  - SDWebImage
  - SkyFloatingLabelTextField (~> 3.0)
  - Socket.IO-Client-Swift (= 13.3.1)
  - SwiftMessages
  - SwiftyJSON (~> 4.0)
  - UIView-Shimmer (~> 1.0)

SPEC REPOS:
  trunk:
    - Charts
    - Cosmos
    - DropDown
    - Firebase
    - FirebaseAnalytics
    - FirebaseCore
    - FirebaseCoreDiagnostics
    - FirebaseCoreInternal
    - FirebaseCrashlytics
    - FirebaseInstallations
    - FirebaseMessaging
    - FittedSheets
    - FSCalendar
    - GoogleAppMeasurement
    - GoogleDataTransport
    - GoogleMaps
    - GooglePlacePicker
    - GooglePlaces
    - GoogleUtilities
    - GrowingTextView
    - IQKeyboardManagerSwift
    - lottie-ios
    - nanopb
    - PromisesObjC
    - SDWebImage
    - SkyFloatingLabelTextField
    - Socket.IO-Client-Swift
    - Starscream
    - SwiftAlgorithms
    - SwiftMessages
    - SwiftyJSON
    - UIView-Shimmer

SPEC CHECKSUMS:
  Charts: d959d6723c8eedfdd0735dfc28cb0a71762ac4d9
  Cosmos: b5c6a9a637e28a061b54c8f8b1d8529d7d4db73f
  DropDown: 8a2116376c1981888557f72ec2ffc9a5e0e456ec
  Firebase: a876fadc5ea653a377693376fd4f885c62704512
  FirebaseAnalytics: ea4f6f4b604a20b4de4d3c7f7a2cb51d9a989040
  FirebaseCore: e4c0b5d9727eaee0b43f9ed00baff7500c188d7b
  FirebaseCoreDiagnostics: 54410e5d156bf406a764c2722d9f77d682723b4c
  FirebaseCoreInternal: 5b8f4f2e2970a4cb9bd1cf7ada16c8ba69a29530
  FirebaseCrashlytics: 08561398868790fc9694b85efb4c080940926fcc
  FirebaseInstallations: e693c0dfe404af44afbd553de42498b2ca1ca189
  FirebaseMessaging: 411a61cde991cbd00b5b11c7a25e0c8f28c44990
  FittedSheets: f2d9b33bb894124367d1cb39c452702c4bb6e334
  FSCalendar: 2d1d0d9398f12d439f55c1fe0f01525b151b8260
  GoogleAppMeasurement: 2c2792d43ebdea0524adbc90cba9139721f3039b
  GoogleDataTransport: 5fffe35792f8b96ec8d6775f5eccd83c998d5a3b
  GoogleMaps: 5c13302e6fe6bb6e686b267196586b91cd594225
  GooglePlacePicker: fa975116ac202ac29822c0a79758ea1c4db5a95f
  GooglePlaces: e874db179f2675c4f3eeda0b686b540273a578b0
  GoogleUtilities: e0913149f6b0625b553d70dae12b49fc62914fd1
  GrowingTextView: 876bf42005b5e4a4fd740597db12caaf41f0fe6c
  IQKeyboardManagerSwift: a8228c257614af98743b4cd8584637025f36358f
  lottie-ios: 6ac74dcc09904798f59b18cb3075c089d76be9ae
  nanopb: a0ba3315591a9ae0a16a309ee504766e90db0c96
  PromisesObjC: 99b6f43f9e1044bd87a95a60beff28c2c44ddb72
  SDWebImage: 0905f1b7760fc8ac4198cae0036600d67478751e
  SkyFloatingLabelTextField: 5a338412114808e961fe2d14ea2c5452c8b6e4aa
  Socket.IO-Client-Swift: 79f8f85fa44881838175a20f9bd2c32bef2c9d37
  Starscream: ef3ece99d765eeccb67de105bfa143f929026cf5
  SwiftAlgorithms: 38dda4731d19027fdeee1125f973111bf3386b53
  SwiftMessages: f0c7ef4705a570ad6c5e208b611f4333e660ed92
  SwiftyJSON: 6faa0040f8b59dead0ee07436cbf76b73c08fd08
  UIView-Shimmer: ff0a32c73d67c7dbdea3d9e530538b10d18aea56

PODFILE CHECKSUM: 2f26729659117db0aedb05db6afdd4d97f91b3ee

COCOAPODS: 1.11.3
